
Microsoft Visual Studio Solution File, Format Version 12.00
# Visual Studio Version 17
VisualStudioVersion = 17.8.34330.188
MinimumVisualStudioVersion = 10.0.40219.1
Project("{FAE04EC0-301F-11D3-BF4B-00C04F79EFBC}") = "DatabaseCW", "DatabaseCW.csproj", "{DA0B436B-F142-4C5C-8A42-985F0CEE3952}"
EndProject
Global
	GlobalSection(SolutionConfigurationPlatforms) = preSolution
		Debug|Any CPU = Debug|Any CPU
		Release|Any CPU = Release|Any CPU
	EndGlobalSection
	GlobalSection(ProjectConfigurationPlatforms) = postSolution
		{DA0B436B-F142-4C5C-8A42-985F0CEE3952}.Debug|Any CPU.ActiveCfg = Debug|Any CPU
		{DA0B436B-F142-4C5C-8A42-985F0CEE3952}.Debug|Any CPU.Build.0 = Debug|Any CPU
		{DA0B436B-F142-4C5C-8A42-985F0CEE3952}.Release|Any CPU.ActiveCfg = Release|Any CPU
		{DA0B436B-F142-4C5C-8A42-985F0CEE3952}.Release|Any CPU.Build.0 = Release|Any CPU
	EndGlobalSection
	GlobalSection(SolutionProperties) = preSolution
		HideSolutionNode = FALSE
	EndGlobalSection
	GlobalSection(ExtensibilityGlobals) = postSolution
		SolutionGuid = {115EA7F8-27D6-4B6B-AF67-7B97664F5E22}
	EndGlobalSection
EndGlobal
